// !$*UTF8*$!
{
	archiveVersion = 1;
	classes = {
	};
	objectVersion = 50;
	objects = {

/* Begin PBXBuildFile section */
		C85D054823CE2F7D004BA86D /* AppDelegate.swift in Sources */ = {isa = PBXBuildFile; fileRef = C85D054723CE2F7D004BA86D /* AppDelegate.swift */; };
		C85D054D23CE2F7E004BA86D /* Main.storyboard in Resources */ = {isa = PBXBuildFile; fileRef = C85D054B23CE2F7E004BA86D /* Main.storyboard */; };
		C85D054F23CE2F7F004BA86D /* Assets.xcassets in Resources */ = {isa = PBXBuildFile; fileRef = C85D054E23CE2F7F004BA86D /* Assets.xcassets */; };
		C85D055223CE2F7F004BA86D /* LaunchScreen.storyboard in Resources */ = {isa = PBXBuildFile; fileRef = C85D055023CE2F7F004BA86D /* LaunchScreen.storyboard */; };
		C85D055D23CE2F7F004BA86D /* scouterTests.swift in Sources */ = {isa = PBXBuildFile; fileRef = C85D055C23CE2F7F004BA86D /* scouterTests.swift */; };
		C85D057023CE3519004BA86D /* BeginViewController.swift in Sources */ = {isa = PBXBuildFile; fileRef = C85D056F23CE3519004BA86D /* BeginViewController.swift */; };
		C85D057223CE3539004BA86D /* HomeViewController.swift in Sources */ = {isa = PBXBuildFile; fileRef = C85D057123CE3539004BA86D /* HomeViewController.swift */; };
		C85D057423CE3555004BA86D /* SignUpViewController.swift in Sources */ = {isa = PBXBuildFile; fileRef = C85D057323CE3555004BA86D /* SignUpViewController.swift */; };
		C85D057623CE357A004BA86D /* LoginViewController.swift in Sources */ = {isa = PBXBuildFile; fileRef = C85D057523CE357A004BA86D /* LoginViewController.swift */; };
/* End PBXBuildFile section */

/* Begin PBXContainerItemProxy section */
		C85D055923CE2F7F004BA86D /* PBXContainerItemProxy */ = {
			isa = PBXContainerItemProxy;
			containerPortal = C85D053C23CE2F7D004BA86D /* Project object */;
			proxyType = 1;
			remoteGlobalIDString = C85D054323CE2F7D004BA86D;
			remoteInfo = scouter;
		};
/* End PBXContainerItemProxy section */

/* Begin PBXFileReference section */
		C85D054423CE2F7D004BA86D /* scouter.app */ = {isa = PBXFileReference; explicitFileType = wrapper.application; includeInIndex = 0; path = scouter.app; sourceTree = BUILT_PRODUCTS_DIR; };
		C85D054723CE2F7D004BA86D /* AppDelegate.swift */ = {isa = PBXFileReference; lastKnownFileType = sourcecode.swift; path = AppDelegate.swift; sourceTree = "<group>"; };
		C85D054C23CE2F7E004BA86D /* Base */ = {isa = PBXFileReference; lastKnownFileType = file.storyboard; name = Base; path = Base.lproj/Main.storyboard; sourceTree = "<group>"; };
		C85D054E23CE2F7F004BA86D /* Assets.xcassets */ = {isa = PBXFileReference; lastKnownFileType = folder.assetcatalog; path = Assets.xcassets; sourceTree = "<group>"; };
		C85D055123CE2F7F004BA86D /* Base */ = {isa = PBXFileReference; lastKnownFileType = file.storyboard; name = Base; path = Base.lproj/LaunchScreen.storyboard; sourceTree = "<group>"; };
		C85D055323CE2F7F004BA86D /* Info.plist */ = {isa = PBXFileReference; lastKnownFileType = text.plist.xml; path = Info.plist; sourceTree = "<group>"; };
		C85D055823CE2F7F004BA86D /* scouterTests.xctest */ = {isa = PBXFileReference; explicitFileType = wrapper.cfbundle; includeInIndex = 0; path = scouterTests.xctest; sourceTree = BUILT_PRODUCTS_DIR; };
		C85D055C23CE2F7F004BA86D /* scouterTests.swift */ = {isa = PBXFileReference; lastKnownFileType = sourcecode.swift; path = scouterTests.swift; sourceTree = "<group>"; };
		C85D055E23CE2F7F004BA86D /* Info.plist */ = {isa = PBXFileReference; lastKnownFileType = text.plist.xml; path = Info.plist; sourceTree = "<group>"; };
		C85D056F23CE3519004BA86D /* BeginViewController.swift */ = {isa = PBXFileReference; lastKnownFileType = sourcecode.swift; path = BeginViewController.swift; sourceTree = "<group>"; };
		C85D057123CE3539004BA86D /* HomeViewController.swift */ = {isa = PBXFileReference; lastKnownFileType = sourcecode.swift; path = HomeViewController.swift; sourceTree = "<group>"; };
		C85D057323CE3555004BA86D /* SignUpViewController.swift */ = {isa = PBXFileReference; lastKnownFileType = sourcecode.swift; path = SignUpViewController.swift; sourceTree = "<group>"; };
		C85D057523CE357A004BA86D /* LoginViewController.swift */ = {isa = PBXFileReference; lastKnownFileType = sourcecode.swift; path = LoginViewController.swift; sourceTree = "<group>"; };
/* End PBXFileReference section */

/* Begin PBXFrameworksBuildPhase section */
		C85D054123CE2F7D004BA86D /* Frameworks */ = {
			isa = PBXFrameworksBuildPhase;
			buildActionMask = 2147483647;
			files = (
			);
			runOnlyForDeploymentPostprocessing = 0;
		};
		C85D055523CE2F7F004BA86D /* Frameworks */ = {
			isa = PBXFrameworksBuildPhase;
			buildActionMask = 2147483647;
			files = (
			);
			runOnlyForDeploymentPostprocessing = 0;
		};
/* End PBXFrameworksBuildPhase section */

/* Begin PBXGroup section */
		C85D053B23CE2F7D004BA86D = {
			isa = PBXGroup;
			children = (
				C85D054623CE2F7D004BA86D /* scouter */,
				C85D055B23CE2F7F004BA86D /* scouterTests */,
				C85D054523CE2F7D004BA86D /* Products */,
			);
			sourceTree = "<group>";
		};
		C85D054523CE2F7D004BA86D /* Products */ = {
			isa = PBXGroup;
			children = (
				C85D054423CE2F7D004BA86D /* scouter.app */,
				C85D055823CE2F7F004BA86D /* scouterTests.xctest */,
			);
			name = Products;
			sourceTree = "<group>";
		};
		C85D054623CE2F7D004BA86D /* scouter */ = {
			isa = PBXGroup;
			children = (
				C85D056F23CE3519004BA86D /* BeginViewController.swift */,
				C85D054723CE2F7D004BA86D /* AppDelegate.swift */,
				C85D057523CE357A004BA86D /* LoginViewController.swift */,
				C85D057123CE3539004BA86D /* HomeViewController.swift */,
				C85D054B23CE2F7E004BA86D /* Main.storyboard */,
				C85D057323CE3555004BA86D /* SignUpViewController.swift */,
				C85D054E23CE2F7F004BA86D /* Assets.xcassets */,
				C85D055023CE2F7F004BA86D /* LaunchScreen.storyboard */,
				C85D055323CE2F7F004BA86D /* Info.plist */,
			);
			path = scouter;
			sourceTree = "<group>";
		};
		C85D055B23CE2F7F004BA86D /* scouterTests */ = {
			isa = PBXGroup;
			children = (
				C85D055C23CE2F7F004BA86D /* scouterTests.swift */,
				C85D055E23CE2F7F004BA86D /* Info.plist */,
			);
			path = scouterTests;
			sourceTree = "<group>";
		};
/* End PBXGroup section */

/* Begin PBXNativeTarget section */
		C85D054323CE2F7D004BA86D /* scouter */ = {
			isa = PBXNativeTarget;
			buildConfigurationList = C85D056123CE2F7F004BA86D /* Build configuration list for PBXNativeTarget "scouter" */;
			buildPhases = (
				C85D054023CE2F7D004BA86D /* Sources */,
				C85D054123CE2F7D004BA86D /* Frameworks */,
				C85D054223CE2F7D004BA86D /* Resources */,
			);
			buildRules = (
			);
			dependencies = (
			);
			name = scouter;
			productName = scouter;
			productReference = C85D054423CE2F7D004BA86D /* scouter.app */;
			productType = "com.apple.product-type.application";
		};
		C85D055723CE2F7F004BA86D /* scouterTests */ = {
			isa = PBXNativeTarget;
			buildConfigurationList = C85D056423CE2F7F004BA86D /* Build configuration list for PBXNativeTarget "scouterTests" */;
			buildPhases = (
				C85D055423CE2F7F004BA86D /* Sources */,
				C85D055523CE2F7F004BA86D /* Frameworks */,
				C85D055623CE2F7F004BA86D /* Resources */,
			);
			buildRules = (
			);
			dependencies = (
				C85D055A23CE2F7F004BA86D /* PBXTargetDependency */,
			);
			name = scouterTests;
			productName = scouterTests;
			productReference = C85D055823CE2F7F004BA86D /* scouterTests.xctest */;
			productType = "com.apple.product-type.bundle.unit-test";
		};
/* End PBXNativeTarget section */

/* Begin PBXProject section */
		C85D053C23CE2F7D004BA86D /* Project object */ = {
			isa = PBXProject;
			attributes = {
				LastSwiftUpdateCheck = 0930;
				LastUpgradeCheck = 0930;
				ORGANIZATIONNAME = "Zoe Holderness";
				TargetAttributes = {
					C85D054323CE2F7D004BA86D = {
						CreatedOnToolsVersion = 9.3;
					};
					C85D055723CE2F7F004BA86D = {
						CreatedOnToolsVersion = 9.3;
						TestTargetID = C85D054323CE2F7D004BA86D;
					};
				};
			};
			buildConfigurationList = C85D053F23CE2F7D004BA86D /* Build configuration list for PBXProject "scouter" */;
			compatibilityVersion = "Xcode 9.3";
			developmentRegion = en;
			hasScannedForEncodings = 0;
			knownRegions = (
				en,
				Base,
			);
			mainGroup = C85D053B23CE2F7D004BA86D;
			productRefGroup = C85D054523CE2F7D004BA86D /* Products */;
			projectDirPath = "";
			projectRoot = "";
			targets = (
				C85D054323CE2F7D004BA86D /* scouter */,
				C85D055723CE2F7F004BA86D /* scouterTests */,
			);
		};
/* End PBXProject section */

/* Begin PBXResourcesBuildPhase section */
		C85D054223CE2F7D004BA86D /* Resources */ = {
			isa = PBXResourcesBuildPhase;
			buildActionMask = 2147483647;
			files = (
				C85D055223CE2F7F004BA86D /* LaunchScreen.storyboard in Resources */,
				C85D054F23CE2F7F004BA86D /* Assets.xcassets in Resources */,
				C85D054D23CE2F7E004BA86D /* Main.storyboard in Resources */,
			);
			runOnlyForDeploymentPostprocessing = 0;
		};
		C85D055623CE2F7F004BA86D /* Resources */ = {
			isa = PBXResourcesBuildPhase;
			buildActionMask = 2147483647;
			files = (
			);
			runOnlyForDeploymentPostprocessing = 0;
		};
/* End PBXResourcesBuildPhase section */

/* Begin PBXSourcesBuildPhase section */
		C85D054023CE2F7D004BA86D /* Sources */ = {
			isa = PBXSourcesBuildPhase;
			buildActionMask = 2147483647;
			files = (
				C85D057223CE3539004BA86D /* HomeViewController.swift in Sources */,
				C85D057023CE3519004BA86D /* BeginViewController.swift in Sources */,
				C85D054823CE2F7D004BA86D /* AppDelegate.swift in Sources */,
				C85D057623CE357A004BA86D /* LoginViewController.swift in Sources */,
				C85D057423CE3555004BA86D /* SignUpViewController.swift in Sources */,
			);
			runOnlyForDeploymentPostprocessing = 0;
		};
		C85D055423CE2F7F004BA86D /* Sources */ = {
			isa = PBXSourcesBuildPhase;
			buildActionMask = 2147483647;
			files = (
				C85D055D23CE2F7F004BA86D /* scouterTests.swift in Sources */,
			);
			runOnlyForDeploymentPostprocessing = 0;
		};
/* End PBXSourcesBuildPhase section */

/* Begin PBXTargetDependency section */
		C85D055A23CE2F7F004BA86D /* PBXTargetDependency */ = {
			isa = PBXTargetDependency;
			target = C85D054323CE2F7D004BA86D /* scouter */;
			targetProxy = C85D055923CE2F7F004BA86D /* PBXContainerItemProxy */;
		};
/* End PBXTargetDependency section */

/* Begin PBXVariantGroup section */
		C85D054B23CE2F7E004BA86D /* Main.storyboard */ = {
			isa = PBXVariantGroup;
			children = (
				C85D054C23CE2F7E004BA86D /* Base */,
			);
			name = Main.storyboard;
			sourceTree = "<group>";
		};
		C85D055023CE2F7F004BA86D /* LaunchScreen.storyboard */ = {
			isa = PBXVariantGroup;
			children = (
				C85D055123CE2F7F004BA86D /* Base */,
			);
			name = LaunchScreen.storyboard;
			sourceTree = "<group>";
		};
/* End PBXVariantGroup section */

/* Begin XCBuildConfiguration section */
		C85D055F23CE2F7F004BA86D /* Debug */ = {
			isa = XCBuildConfiguration;
			buildSettings = {
				ALWAYS_SEARCH_USER_PATHS = NO;
				CLANG_ANALYZER_NONNULL = YES;
				CLANG_ANALYZER_NUMBER_OBJECT_CONVERSION = YES_AGGRESSIVE;
				CLANG_CXX_LANGUAGE_STANDARD = "gnu++14";
				CLANG_CXX_LIBRARY = "libc++";
				CLANG_ENABLE_MODULES = YES;
				CLANG_ENABLE_OBJC_ARC = YES;
				CLANG_ENABLE_OBJC_WEAK = YES;
				CLANG_WARN_BLOCK_CAPTURE_AUTORELEASING = YES;
				CLANG_WARN_BOOL_CONVERSION = YES;
				CLANG_WARN_COMMA = YES;
				CLANG_WARN_CONSTANT_CONVERSION = YES;
				CLANG_WARN_DEPRECATED_OBJC_IMPLEMENTATIONS = YES;
				CLANG_WARN_DIRECT_OBJC_ISA_USAGE = YES_ERROR;
				CLANG_WARN_DOCUMENTATION_COMMENTS = YES;
				CLANG_WARN_EMPTY_BODY = YES;
				CLANG_WARN_ENUM_CONVERSION = YES;
				CLANG_WARN_INFINITE_RECURSION = YES;
				CLANG_WARN_INT_CONVERSION = YES;
				CLANG_WARN_NON_LITERAL_NULL_CONVERSION = YES;
				CLANG_WARN_OBJC_IMPLICIT_RETAIN_SELF = YES;
				CLANG_WARN_OBJC_LITERAL_CONVERSION = YES;
				CLANG_WARN_OBJC_ROOT_CLASS = YES_ERROR;
				CLANG_WARN_RANGE_LOOP_ANALYSIS = YES;
				CLANG_WARN_STRICT_PROTOTYPES = YES;
				CLANG_WARN_SUSPICIOUS_MOVE = YES;
				CLANG_WARN_UNGUARDED_AVAILABILITY = YES_AGGRESSIVE;
				CLANG_WARN_UNREACHABLE_CODE = YES;
				CLANG_WARN__DUPLICATE_METHOD_MATCH = YES;
				CODE_SIGN_IDENTITY = "iPhone Developer";
				COPY_PHASE_STRIP = NO;
				DEBUG_INFORMATION_FORMAT = dwarf;
				ENABLE_STRICT_OBJC_MSGSEND = YES;
				ENABLE_TESTABILITY = YES;
				GCC_C_LANGUAGE_STANDARD = gnu11;
				GCC_DYNAMIC_NO_PIC = NO;
				GCC_NO_COMMON_BLOCKS = YES;
				GCC_OPTIMIZATION_LEVEL = 0;
				GCC_PREPROCESSOR_DEFINITIONS = (
					"DEBUG=1",
					"$(inherited)",
				);
				GCC_WARN_64_TO_32_BIT_CONVERSION = YES;
				GCC_WARN_ABOUT_RETURN_TYPE = YES_ERROR;
				GCC_WARN_UNDECLARED_SELECTOR = YES;
				GCC_WARN_UNINITIALIZED_AUTOS = YES_AGGRESSIVE;
				GCC_WARN_UNUSED_FUNCTION = YES;
				GCC_WARN_UNUSED_VARIABLE = YES;
				IPHONEOS_DEPLOYMENT_TARGET = 11.3;
				MTL_ENABLE_DEBUG_INFO = YES;
				ONLY_ACTIVE_ARCH = YES;
				SDKROOT = iphoneos;
				SWIFT_ACTIVE_COMPILATION_CONDITIONS = DEBUG;
				SWIFT_OPTIMIZATION_LEVEL = "-Onone";
			};
			name = Debug;
		};
		C85D056023CE2F7F004BA86D /* Release */ = {
			isa = XCBuildConfiguration;
			buildSettings = {
				ALWAYS_SEARCH_USER_PATHS = NO;
				CLANG_ANALYZER_NONNULL = YES;
				CLANG_ANALYZER_NUMBER_OBJECT_CONVERSION = YES_AGGRESSIVE;
				CLANG_CXX_LANGUAGE_STANDARD = "gnu++14";
				CLANG_CXX_LIBRARY = "libc++";
				CLANG_ENABLE_MODULES = YES;
				CLANG_ENABLE_OBJC_ARC = YES;
				CLANG_ENABLE_OBJC_WEAK = YES;
				CLANG_WARN_BLOCK_CAPTURE_AUTORELEASING = YES;
				CLANG_WARN_BOOL_CONVERSION = YES;
				CLANG_WARN_COMMA = YES;
				CLANG_WARN_CONSTANT_CONVERSION = YES;
				CLANG_WARN_DEPRECATED_OBJC_IMPLEMENTATIONS = YES;
				CLANG_WARN_DIRECT_OBJC_ISA_USAGE = YES_ERROR;
				CLANG_WARN_DOCUMENTATION_COMMENTS = YES;
				CLANG_WARN_EMPTY_BODY = YES;
				CLANG_WARN_ENUM_CONVERSION = YES;
				CLANG_WARN_INFINITE_RECURSION = YES;
				CLANG_WARN_INT_CONVERSION = YES;
				CLANG_WARN_NON_LITERAL_NULL_CONVERSION = YES;
				CLANG_WARN_OBJC_IMPLICIT_RETAIN_SELF = YES;
				CLANG_WARN_OBJC_LITERAL_CONVERSION = YES;
				CLANG_WARN_OBJC_ROOT_CLASS = YES_ERROR;
				CLANG_WARN_RANGE_LOOP_ANALYSIS = YES;
				CLANG_WARN_STRICT_PROTOTYPES = YES;
				CLANG_WARN_SUSPICIOUS_MOVE = YES;
				CLANG_WARN_UNGUARDED_AVAILABILITY = YES_AGGRESSIVE;
				CLANG_WARN_UNREACHABLE_CODE = YES;
				CLANG_WARN__DUPLICATE_METHOD_MATCH = YES;
				CODE_SIGN_IDENTITY = "iPhone Developer";
				COPY_PHASE_STRIP = NO;
				DEBUG_INFORMATION_FORMAT = "dwarf-with-dsym";
				ENABLE_NS_ASSERTIONS = NO;
				ENABLE_STRICT_OBJC_MSGSEND = YES;
				GCC_C_LANGUAGE_STANDARD = gnu11;
				GCC_NO_COMMON_BLOCKS = YES;
				GCC_WARN_64_TO_32_BIT_CONVERSION = YES;
				GCC_WARN_ABOUT_RETURN_TYPE = YES_ERROR;
				GCC_WARN_UNDECLARED_SELECTOR = YES;
				GCC_WARN_UNINITIALIZED_AUTOS = YES_AGGRESSIVE;
				GCC_WARN_UNUSED_FUNCTION = YES;
				GCC_WARN_UNUSED_VARIABLE = YES;
				IPHONEOS_DEPLOYMENT_TARGET = 11.3;
				MTL_ENABLE_DEBUG_INFO = NO;
				SDKROOT = iphoneos;
				SWIFT_COMPILATION_MODE = wholemodule;
				SWIFT_OPTIMIZATION_LEVEL = "-O";
				VALIDATE_PRODUCT = YES;
			};
			name = Release;
		};
		C85D056223CE2F7F004BA86D /* Debug */ = {
			isa = XCBuildConfiguration;
			buildSettings = {
				ASSETCATALOG_COMPILER_APPICON_NAME = AppIcon;
				CODE_SIGN_STYLE = Automatic;
				DEVELOPMENT_TEAM = PCVQSH5B38;
				INFOPLIST_FILE = scouter/Info.plist;
				LD_RUNPATH_SEARCH_PATHS = (
					"$(inherited)",
					"@executable_path/Frameworks",
				);
				PRODUCT_BUNDLE_IDENTIFIER = None.scouter;
				PRODUCT_NAME = "$(TARGET_NAME)";
				SWIFT_VERSION = 4.0;
				TARGETED_DEVICE_FAMILY = "1,2";
			};
			name = Debug;
		};
		C85D056323CE2F7F004BA86D /* Release */ = {
			isa = XCBuildConfiguration;
			buildSettings = {
				ASSETCATALOG_COMPILER_APPICON_NAME = AppIcon;
				CODE_SIGN_STYLE = Automatic;
				DEVELOPMENT_TEAM = PCVQSH5B38;
				INFOPLIST_FILE = scouter/Info.plist;
				LD_RUNPATH_SEARCH_PATHS = (
					"$(inherited)",
					"@executable_path/Frameworks",
				);
				PRODUCT_BUNDLE_IDENTIFIER = None.scouter;
				PRODUCT_NAME = "$(TARGET_NAME)";
				SWIFT_VERSION = 4.0;
				TARGETED_DEVICE_FAMILY = "1,2";
			};
			name = Release;
		};
		C85D056523CE2F7F004BA86D /* Debug */ = {
			isa = XCBuildConfiguration;
			buildSettings = {
				ALWAYS_EMBED_SWIFT_STANDARD_LIBRARIES = YES;
				BUNDLE_LOADER = "$(TEST_HOST)";
				CODE_SIGN_STYLE = Automatic;
				INFOPLIST_FILE = scouterTests/Info.plist;
				LD_RUNPATH_SEARCH_PATHS = (
					"$(inherited)",
					"@executable_path/Frameworks",
					"@loader_path/Frameworks",
				);
				PRODUCT_BUNDLE_IDENTIFIER = None.scouterTests;
				PRODUCT_NAME = "$(TARGET_NAME)";
				SWIFT_VERSION = 4.0;
				TARGETED_DEVICE_FAMILY = "1,2";
				TEST_HOST = "$(BUILT_PRODUCTS_DIR)/scouter.app/scouter";
			};
			name = Debug;
		};
		C85D056623CE2F7F004BA86D /* Release */ = {
			isa = XCBuildConfiguration;
			buildSettings = {
				ALWAYS_EMBED_SWIFT_STANDARD_LIBRARIES = YES;
				BUNDLE_LOADER = "$(TEST_HOST)";
				CODE_SIGN_STYLE = Automatic;
				INFOPLIST_FILE = scouterTests/Info.plist;
				LD_RUNPATH_SEARCH_PATHS = (
					"$(inherited)",
					"@executable_path/Frameworks",
					"@loader_path/Frameworks",
				);
				PRODUCT_BUNDLE_IDENTIFIER = None.scouterTests;
				PRODUCT_NAME = "$(TARGET_NAME)";
				SWIFT_VERSION = 4.0;
				TARGETED_DEVICE_FAMILY = "1,2";
				TEST_HOST = "$(BUILT_PRODUCTS_DIR)/scouter.app/scouter";
			};
			name = Release;
		};
/* End XCBuildConfiguration section */

/* Begin XCConfigurationList section */
		C85D053F23CE2F7D004BA86D /* Build configuration list for PBXProject "scouter" */ = {
			isa = XCConfigurationList;
			buildConfigurations = (
				C85D055F23CE2F7F004BA86D /* Debug */,
				C85D056023CE2F7F004BA86D /* Release */,
			);
			defaultConfigurationIsVisible = 0;
			defaultConfigurationName = Release;
		};
		C85D056123CE2F7F004BA86D /* Build configuration list for PBXNativeTarget "scouter" */ = {
			isa = XCConfigurationList;
			buildConfigurations = (
				C85D056223CE2F7F004BA86D /* Debug */,
				C85D056323CE2F7F004BA86D /* Release */,
			);
			defaultConfigurationIsVisible = 0;
			defaultConfigurationName = Release;
		};
		C85D056423CE2F7F004BA86D /* Build configuration list for PBXNativeTarget "scouterTests" */ = {
			isa = XCConfigurationList;
			buildConfigurations = (
				C85D056523CE2F7F004BA86D /* Debug */,
				C85D056623CE2F7F004BA86D /* Release */,
			);
			defaultConfigurationIsVisible = 0;
			defaultConfigurationName = Release;
		};
/* End XCConfigurationList section */
	};
	rootObject = C85D053C23CE2F7D004BA86D /* Project object */;
}
